
Microsoft Visual Studio Solution File, Format Version 12.00
# Visual Studio Version 17
VisualStudioVersion = 17.2.32516.85
MinimumVisualStudioVersion = 10.0.40219.1
Project("{FAE04EC0-301F-11D3-BF4B-00C04F79EFBC}") = "shop", "shop\shop.csproj", "{00560270-1AF8-4EEF-9BED-7E641A5E74CA}"
EndProject
Global
	GlobalSection(SolutionConfigurationPlatforms) = preSolution
		Debug|Any CPU = Debug|Any CPU
		Release|Any CPU = Release|Any CPU
	EndGlobalSection
	GlobalSection(ProjectConfigurationPlatforms) = postSolution
		{00560270-1AF8-4EEF-9BED-7E641A5E74CA}.Debug|Any CPU.ActiveCfg = Debug|Any CPU
		{00560270-1AF8-4EEF-9BED-7E641A5E74CA}.Debug|Any CPU.Build.0 = Debug|Any CPU
		{00560270-1AF8-4EEF-9BED-7E641A5E74CA}.Release|Any CPU.ActiveCfg = Release|Any CPU
		{00560270-1AF8-4EEF-9BED-7E641A5E74CA}.Release|Any CPU.Build.0 = Release|Any CPU
	EndGlobalSection
	GlobalSection(SolutionProperties) = preSolution
		HideSolutionNode = FALSE
	EndGlobalSection
	GlobalSection(ExtensibilityGlobals) = postSolution
		SolutionGuid = {C78BEA3E-0181-4CF4-89FF-87B96EFBFF98}
	EndGlobalSection
EndGlobal
